// !$*UTF8*$!
{
	archiveVersion = 1;
	classes = {
	};
	objectVersion = 50;
	objects = {

/* Begin PBXBuildFile section */
		BF1016565D82DDB1603807CB /* Pods_Tetrachromacy.framework in Frameworks */ = {isa = PBXBuildFile; fileRef = 3891632E98679B997F51CF8C /* Pods_Tetrachromacy.framework */; };
		F1D464A42198824200F493E0 /* AppDelegate.swift in Sources */ = {isa = PBXBuildFile; fileRef = F1D464A32198824200F493E0 /* AppDelegate.swift */; };
		F1D464AB2198824200F493E0 /* Main.storyboard in Resources */ = {isa = PBXBuildFile; fileRef = F1D464A92198824200F493E0 /* Main.storyboard */; };
		F1D464AD2198824300F493E0 /* Assets.xcassets in Resources */ = {isa = PBXBuildFile; fileRef = F1D464AC2198824300F493E0 /* Assets.xcassets */; };
		F1D464B02198824300F493E0 /* LaunchScreen.storyboard in Resources */ = {isa = PBXBuildFile; fileRef = F1D464AE2198824300F493E0 /* LaunchScreen.storyboard */; };
		F1D464C32198881F00F493E0 /* DashboardVC.swift in Sources */ = {isa = PBXBuildFile; fileRef = F1D464C22198881F00F493E0 /* DashboardVC.swift */; };
		F1D464C52198882B00F493E0 /* MenuVC.swift in Sources */ = {isa = PBXBuildFile; fileRef = F1D464C42198882B00F493E0 /* MenuVC.swift */; };
		F1D464CC2198A35300F493E0 /* SWRevealViewController.m in Sources */ = {isa = PBXBuildFile; fileRef = F1D464CA21988BC300F493E0 /* SWRevealViewController.m */; };
		F1D464CE2198A56E00F493E0 /* CircleImageView.swift in Sources */ = {isa = PBXBuildFile; fileRef = F1D464CD2198A56E00F493E0 /* CircleImageView.swift */; };
		F1D464D02198B26500F493E0 /* MenuCell.swift in Sources */ = {isa = PBXBuildFile; fileRef = F1D464CF2198B26500F493E0 /* MenuCell.swift */; };
		F1D464D22198B3C700F493E0 /* Constants.swift in Sources */ = {isa = PBXBuildFile; fileRef = F1D464D12198B3C700F493E0 /* Constants.swift */; };
		F1D464D42198B5F000F493E0 /* SettingsVC.swift in Sources */ = {isa = PBXBuildFile; fileRef = F1D464D32198B5F000F493E0 /* SettingsVC.swift */; };
		F1D464D62198DA0D00F493E0 /* ColorService.swift in Sources */ = {isa = PBXBuildFile; fileRef = F1D464D52198DA0D00F493E0 /* ColorService.swift */; };
		F1D464D82198DBB200F493E0 /* ThemeColor.swift in Sources */ = {isa = PBXBuildFile; fileRef = F1D464D72198DBB200F493E0 /* ThemeColor.swift */; };
/* End PBXBuildFile section */

/* Begin PBXFileReference section */
		3891632E98679B997F51CF8C /* Pods_Tetrachromacy.framework */ = {isa = PBXFileReference; explicitFileType = wrapper.framework; includeInIndex = 0; path = Pods_Tetrachromacy.framework; sourceTree = BUILT_PRODUCTS_DIR; };
		3F1B7A34396B528F859F30E6 /* Pods-Tetrachromacy.debug.xcconfig */ = {isa = PBXFileReference; includeInIndex = 1; lastKnownFileType = text.xcconfig; name = "Pods-Tetrachromacy.debug.xcconfig"; path = "Pods/Target Support Files/Pods-Tetrachromacy/Pods-Tetrachromacy.debug.xcconfig"; sourceTree = "<group>"; };
		F1D464A02198824200F493E0 /* Tetrachromacy.app */ = {isa = PBXFileReference; explicitFileType = wrapper.application; includeInIndex = 0; path = Tetrachromacy.app; sourceTree = BUILT_PRODUCTS_DIR; };
		F1D464A32198824200F493E0 /* AppDelegate.swift */ = {isa = PBXFileReference; lastKnownFileType = sourcecode.swift; path = AppDelegate.swift; sourceTree = "<group>"; };
		F1D464AA2198824200F493E0 /* Base */ = {isa = PBXFileReference; lastKnownFileType = file.storyboard; name = Base; path = Base.lproj/Main.storyboard; sourceTree = "<group>"; };
		F1D464AC2198824300F493E0 /* Assets.xcassets */ = {isa = PBXFileReference; lastKnownFileType = folder.assetcatalog; path = Assets.xcassets; sourceTree = "<group>"; };
		F1D464AF2198824300F493E0 /* Base */ = {isa = PBXFileReference; lastKnownFileType = file.storyboard; name = Base; path = Base.lproj/LaunchScreen.storyboard; sourceTree = "<group>"; };
		F1D464B12198824300F493E0 /* Info.plist */ = {isa = PBXFileReference; lastKnownFileType = text.plist.xml; path = Info.plist; sourceTree = "<group>"; };
		F1D464C22198881F00F493E0 /* DashboardVC.swift */ = {isa = PBXFileReference; lastKnownFileType = sourcecode.swift; path = DashboardVC.swift; sourceTree = "<group>"; };
		F1D464C42198882B00F493E0 /* MenuVC.swift */ = {isa = PBXFileReference; lastKnownFileType = sourcecode.swift; path = MenuVC.swift; sourceTree = "<group>"; };
		F1D464C821988BC200F493E0 /* Tetrachromacy-Bridging-Header.h */ = {isa = PBXFileReference; lastKnownFileType = sourcecode.c.h; path = "Tetrachromacy-Bridging-Header.h"; sourceTree = "<group>"; };
		F1D464C921988BC300F493E0 /* SWRevealViewController.h */ = {isa = PBXFileReference; fileEncoding = 4; lastKnownFileType = sourcecode.c.h; path = SWRevealViewController.h; sourceTree = "<group>"; };
		F1D464CA21988BC300F493E0 /* SWRevealViewController.m */ = {isa = PBXFileReference; fileEncoding = 4; lastKnownFileType = sourcecode.c.objc; path = SWRevealViewController.m; sourceTree = "<group>"; };
		F1D464CD2198A56E00F493E0 /* CircleImageView.swift */ = {isa = PBXFileReference; lastKnownFileType = sourcecode.swift; path = CircleImageView.swift; sourceTree = "<group>"; };
		F1D464CF2198B26500F493E0 /* MenuCell.swift */ = {isa = PBXFileReference; lastKnownFileType = sourcecode.swift; path = MenuCell.swift; sourceTree = "<group>"; };
		F1D464D12198B3C700F493E0 /* Constants.swift */ = {isa = PBXFileReference; lastKnownFileType = sourcecode.swift; path = Constants.swift; sourceTree = "<group>"; };
		F1D464D32198B5F000F493E0 /* SettingsVC.swift */ = {isa = PBXFileReference; lastKnownFileType = sourcecode.swift; path = SettingsVC.swift; sourceTree = "<group>"; };
		F1D464D52198DA0D00F493E0 /* ColorService.swift */ = {isa = PBXFileReference; lastKnownFileType = sourcecode.swift; path = ColorService.swift; sourceTree = "<group>"; };
		F1D464D72198DBB200F493E0 /* ThemeColor.swift */ = {isa = PBXFileReference; lastKnownFileType = sourcecode.swift; path = ThemeColor.swift; sourceTree = "<group>"; };
		FD714E2D942FBFFFBBEEAA69 /* Pods-Tetrachromacy.release.xcconfig */ = {isa = PBXFileReference; includeInIndex = 1; lastKnownFileType = text.xcconfig; name = "Pods-Tetrachromacy.release.xcconfig"; path = "Pods/Target Support Files/Pods-Tetrachromacy/Pods-Tetrachromacy.release.xcconfig"; sourceTree = "<group>"; };
/* End PBXFileReference section */

/* Begin PBXFrameworksBuildPhase section */
		F1D4649D2198824200F493E0 /* Frameworks */ = {
			isa = PBXFrameworksBuildPhase;
			buildActionMask = 2147483647;
			files = (
				BF1016565D82DDB1603807CB /* Pods_Tetrachromacy.framework in Frameworks */,
			);
			runOnlyForDeploymentPostprocessing = 0;
		};
/* End PBXFrameworksBuildPhase section */

/* Begin PBXGroup section */
		27F619C6C66AE8EAB0F0C2A3 /* Frameworks */ = {
			isa = PBXGroup;
			children = (
				3891632E98679B997F51CF8C /* Pods_Tetrachromacy.framework */,
			);
			name = Frameworks;
			sourceTree = "<group>";
		};
		4EFB4EEF4BBA64EEE92AB482 /* Pods */ = {
			isa = PBXGroup;
			children = (
				3F1B7A34396B528F859F30E6 /* Pods-Tetrachromacy.debug.xcconfig */,
				FD714E2D942FBFFFBBEEAA69 /* Pods-Tetrachromacy.release.xcconfig */,
			);
			name = Pods;
			sourceTree = "<group>";
		};
		F1D464972198824200F493E0 = {
			isa = PBXGroup;
			children = (
				F1D464A22198824200F493E0 /* Tetrachromacy */,
				F1D464A12198824200F493E0 /* Products */,
				4EFB4EEF4BBA64EEE92AB482 /* Pods */,
				27F619C6C66AE8EAB0F0C2A3 /* Frameworks */,
			);
			sourceTree = "<group>";
		};
		F1D464A12198824200F493E0 /* Products */ = {
			isa = PBXGroup;
			children = (
				F1D464A02198824200F493E0 /* Tetrachromacy.app */,
			);
			name = Products;
			sourceTree = "<group>";
		};
		F1D464A22198824200F493E0 /* Tetrachromacy */ = {
			isa = PBXGroup;
			children = (
				F1D464C621988B1A00F493E0 /* Supporting Files */,
				F1D464BB219884CE00F493E0 /* Utilities */,
				F1D464BA219884C700F493E0 /* Services */,
				F1D464B7219884B700F493E0 /* Model */,
				F1D464B8219884BE00F493E0 /* View */,
				F1D464B9219884C200F493E0 /* Controller */,
				F1D464A32198824200F493E0 /* AppDelegate.swift */,
				F1D464A92198824200F493E0 /* Main.storyboard */,
				F1D464AC2198824300F493E0 /* Assets.xcassets */,
				F1D464AE2198824300F493E0 /* LaunchScreen.storyboard */,
				F1D464B12198824300F493E0 /* Info.plist */,
			);
			path = Tetrachromacy;
			sourceTree = "<group>";
		};
		F1D464B7219884B700F493E0 /* Model */ = {
			isa = PBXGroup;
			children = (
				F1D464D72198DBB200F493E0 /* ThemeColor.swift */,
			);
			path = Model;
			sourceTree = "<group>";
		};
		F1D464B8219884BE00F493E0 /* View */ = {
			isa = PBXGroup;
			children = (
				F1D464CD2198A56E00F493E0 /* CircleImageView.swift */,
				F1D464CF2198B26500F493E0 /* MenuCell.swift */,
			);
			path = View;
			sourceTree = "<group>";
		};
		F1D464B9219884C200F493E0 /* Controller */ = {
			isa = PBXGroup;
			children = (
				F1D464C22198881F00F493E0 /* DashboardVC.swift */,
				F1D464C42198882B00F493E0 /* MenuVC.swift */,
				F1D464D32198B5F000F493E0 /* SettingsVC.swift */,
			);
			path = Controller;
			sourceTree = "<group>";
		};
		F1D464BA219884C700F493E0 /* Services */ = {
			isa = PBXGroup;
			children = (
				F1D464D52198DA0D00F493E0 /* ColorService.swift */,
			);
			path = Services;
			sourceTree = "<group>";
		};
		F1D464BB219884CE00F493E0 /* Utilities */ = {
			isa = PBXGroup;
			children = (
				F1D464D12198B3C700F493E0 /* Constants.swift */,
			);
			path = Utilities;
			sourceTree = "<group>";
		};
		F1D464C621988B1A00F493E0 /* Supporting Files */ = {
			isa = PBXGroup;
			children = (
				F1D464C921988BC300F493E0 /* SWRevealViewController.h */,
				F1D464CA21988BC300F493E0 /* SWRevealViewController.m */,
				F1D464C821988BC200F493E0 /* Tetrachromacy-Bridging-Header.h */,
			);
			path = "Supporting Files";
			sourceTree = "<group>";
		};
/* End PBXGroup section */

/* Begin PBXNativeTarget section */
		F1D4649F2198824200F493E0 /* Tetrachromacy */ = {
			isa = PBXNativeTarget;
			buildConfigurationList = F1D464B42198824300F493E0 /* Build configuration list for PBXNativeTarget "Tetrachromacy" */;
			buildPhases = (
				94675E7C12DF600ABA8FA60A /* [CP] Check Pods Manifest.lock */,
				F1D4649C2198824200F493E0 /* Sources */,
				F1D4649D2198824200F493E0 /* Frameworks */,
				F1D4649E2198824200F493E0 /* Resources */,
				44C490D3BB21B10AA12F58D7 /* [CP] Embed Pods Frameworks */,
			);
			buildRules = (
			);
			dependencies = (
			);
			name = Tetrachromacy;
			productName = Tetrachromacy;
			productReference = F1D464A02198824200F493E0 /* Tetrachromacy.app */;
			productType = "com.apple.product-type.application";
		};
/* End PBXNativeTarget section */

/* Begin PBXProject section */
		F1D464982198824200F493E0 /* Project object */ = {
			isa = PBXProject;
			attributes = {
				LastSwiftUpdateCheck = 1000;
				LastUpgradeCheck = 1000;
				ORGANIZATIONNAME = Finastra;
				TargetAttributes = {
					F1D4649F2198824200F493E0 = {
						CreatedOnToolsVersion = 10.0;
						LastSwiftMigration = 1000;
					};
				};
			};
			buildConfigurationList = F1D4649B2198824200F493E0 /* Build configuration list for PBXProject "Tetrachromacy" */;
			compatibilityVersion = "Xcode 9.3";
			developmentRegion = en;
			hasScannedForEncodings = 0;
			knownRegions = (
				en,
				Base,
			);
			mainGroup = F1D464972198824200F493E0;
			productRefGroup = F1D464A12198824200F493E0 /* Products */;
			projectDirPath = "";
			projectRoot = "";
			targets = (
				F1D4649F2198824200F493E0 /* Tetrachromacy */,
			);
		};
/* End PBXProject section */

/* Begin PBXResourcesBuildPhase section */
		F1D4649E2198824200F493E0 /* Resources */ = {
			isa = PBXResourcesBuildPhase;
			buildActionMask = 2147483647;
			files = (
				F1D464B02198824300F493E0 /* LaunchScreen.storyboard in Resources */,
				F1D464AD2198824300F493E0 /* Assets.xcassets in Resources */,
				F1D464AB2198824200F493E0 /* Main.storyboard in Resources */,
			);
			runOnlyForDeploymentPostprocessing = 0;
		};
/* End PBXResourcesBuildPhase section */

/* Begin PBXShellScriptBuildPhase section */
		44C490D3BB21B10AA12F58D7 /* [CP] Embed Pods Frameworks */ = {
			isa = PBXShellScriptBuildPhase;
			buildActionMask = 2147483647;
			files = (
			);
			inputPaths = (
				"${SRCROOT}/Pods/Target Support Files/Pods-Tetrachromacy/Pods-Tetrachromacy-frameworks.sh",
				"${BUILT_PRODUCTS_DIR}/Alamofire/Alamofire.framework",
				"${BUILT_PRODUCTS_DIR}/DropDown/DropDown.framework",
				"${BUILT_PRODUCTS_DIR}/SwiftyJSON/SwiftyJSON.framework",
			);
			name = "[CP] Embed Pods Frameworks";
			outputPaths = (
				"${TARGET_BUILD_DIR}/${FRAMEWORKS_FOLDER_PATH}/Alamofire.framework",
				"${TARGET_BUILD_DIR}/${FRAMEWORKS_FOLDER_PATH}/DropDown.framework",
				"${TARGET_BUILD_DIR}/${FRAMEWORKS_FOLDER_PATH}/SwiftyJSON.framework",
			);
			runOnlyForDeploymentPostprocessing = 0;
			shellPath = /bin/sh;
			shellScript = "\"${SRCROOT}/Pods/Target Support Files/Pods-Tetrachromacy/Pods-Tetrachromacy-frameworks.sh\"\n";
			showEnvVarsInLog = 0;
		};
		94675E7C12DF600ABA8FA60A /* [CP] Check Pods Manifest.lock */ = {
			isa = PBXShellScriptBuildPhase;
			buildActionMask = 2147483647;
			files = (
			);
			inputPaths = (
				"${PODS_PODFILE_DIR_PATH}/Podfile.lock",
				"${PODS_ROOT}/Manifest.lock",
			);
			name = "[CP] Check Pods Manifest.lock";
			outputPaths = (
				"$(DERIVED_FILE_DIR)/Pods-Tetrachromacy-checkManifestLockResult.txt",
			);
			runOnlyForDeploymentPostprocessing = 0;
			shellPath = /bin/sh;
			shellScript = "diff \"${PODS_PODFILE_DIR_PATH}/Podfile.lock\" \"${PODS_ROOT}/Manifest.lock\" > /dev/null\nif [ $? != 0 ] ; then\n    # print error to STDERR\n    echo \"error: The sandbox is not in sync with the Podfile.lock. Run 'pod install' or update your CocoaPods installation.\" >&2\n    exit 1\nfi\n# This output is used by Xcode 'outputs' to avoid re-running this script phase.\necho \"SUCCESS\" > \"${SCRIPT_OUTPUT_FILE_0}\"\n";
			showEnvVarsInLog = 0;
		};
/* End PBXShellScriptBuildPhase section */

/* Begin PBXSourcesBuildPhase section */
		F1D4649C2198824200F493E0 /* Sources */ = {
			isa = PBXSourcesBuildPhase;
			buildActionMask = 2147483647;
			files = (
				F1D464A42198824200F493E0 /* AppDelegate.swift in Sources */,
				F1D464C32198881F00F493E0 /* DashboardVC.swift in Sources */,
				F1D464C52198882B00F493E0 /* MenuVC.swift in Sources */,
				F1D464D62198DA0D00F493E0 /* ColorService.swift in Sources */,
				F1D464CE2198A56E00F493E0 /* CircleImageView.swift in Sources */,
				F1D464D22198B3C700F493E0 /* Constants.swift in Sources */,
				F1D464D42198B5F000F493E0 /* SettingsVC.swift in Sources */,
				F1D464D82198DBB200F493E0 /* ThemeColor.swift in Sources */,
				F1D464D02198B26500F493E0 /* MenuCell.swift in Sources */,
				F1D464CC2198A35300F493E0 /* SWRevealViewController.m in Sources */,
			);
			runOnlyForDeploymentPostprocessing = 0;
		};
/* End PBXSourcesBuildPhase section */

/* Begin PBXVariantGroup section */
		F1D464A92198824200F493E0 /* Main.storyboard */ = {
			isa = PBXVariantGroup;
			children = (
				F1D464AA2198824200F493E0 /* Base */,
			);
			name = Main.storyboard;
			sourceTree = "<group>";
		};
		F1D464AE2198824300F493E0 /* LaunchScreen.storyboard */ = {
			isa = PBXVariantGroup;
			children = (
				F1D464AF2198824300F493E0 /* Base */,
			);
			name = LaunchScreen.storyboard;
			sourceTree = "<group>";
		};
/* End PBXVariantGroup section */

/* Begin XCBuildConfiguration section */
		F1D464B22198824300F493E0 /* Debug */ = {
			isa = XCBuildConfiguration;
			buildSettings = {
				ALWAYS_SEARCH_USER_PATHS = NO;
				CLANG_ANALYZER_NONNULL = YES;
				CLANG_ANALYZER_NUMBER_OBJECT_CONVERSION = YES_AGGRESSIVE;
				CLANG_CXX_LANGUAGE_STANDARD = "gnu++14";
				CLANG_CXX_LIBRARY = "libc++";
				CLANG_ENABLE_MODULES = YES;
				CLANG_ENABLE_OBJC_ARC = YES;
				CLANG_ENABLE_OBJC_WEAK = YES;
				CLANG_WARN_BLOCK_CAPTURE_AUTORELEASING = YES;
				CLANG_WARN_BOOL_CONVERSION = YES;
				CLANG_WARN_COMMA = YES;
				CLANG_WARN_CONSTANT_CONVERSION = YES;
				CLANG_WARN_DEPRECATED_OBJC_IMPLEMENTATIONS = YES;
				CLANG_WARN_DIRECT_OBJC_ISA_USAGE = YES_ERROR;
				CLANG_WARN_DOCUMENTATION_COMMENTS = YES;
				CLANG_WARN_EMPTY_BODY = YES;
				CLANG_WARN_ENUM_CONVERSION = YES;
				CLANG_WARN_INFINITE_RECURSION = YES;
				CLANG_WARN_INT_CONVERSION = YES;
				CLANG_WARN_NON_LITERAL_NULL_CONVERSION = YES;
				CLANG_WARN_OBJC_IMPLICIT_RETAIN_SELF = YES;
				CLANG_WARN_OBJC_LITERAL_CONVERSION = YES;
				CLANG_WARN_OBJC_ROOT_CLASS = YES_ERROR;
				CLANG_WARN_RANGE_LOOP_ANALYSIS = YES;
				CLANG_WARN_STRICT_PROTOTYPES = YES;
				CLANG_WARN_SUSPICIOUS_MOVE = YES;
				CLANG_WARN_UNGUARDED_AVAILABILITY = YES_AGGRESSIVE;
				CLANG_WARN_UNREACHABLE_CODE = YES;
				CLANG_WARN__DUPLICATE_METHOD_MATCH = YES;
				CODE_SIGN_IDENTITY = "iPhone Developer";
				COPY_PHASE_STRIP = NO;
				DEBUG_INFORMATION_FORMAT = dwarf;
				ENABLE_STRICT_OBJC_MSGSEND = YES;
				ENABLE_TESTABILITY = YES;
				GCC_C_LANGUAGE_STANDARD = gnu11;
				GCC_DYNAMIC_NO_PIC = NO;
				GCC_NO_COMMON_BLOCKS = YES;
				GCC_OPTIMIZATION_LEVEL = 0;
				GCC_PREPROCESSOR_DEFINITIONS = (
					"DEBUG=1",
					"$(inherited)",
				);
				GCC_WARN_64_TO_32_BIT_CONVERSION = YES;
				GCC_WARN_ABOUT_RETURN_TYPE = YES_ERROR;
				GCC_WARN_UNDECLARED_SELECTOR = YES;
				GCC_WARN_UNINITIALIZED_AUTOS = YES_AGGRESSIVE;
				GCC_WARN_UNUSED_FUNCTION = YES;
				GCC_WARN_UNUSED_VARIABLE = YES;
				IPHONEOS_DEPLOYMENT_TARGET = 12.0;
				MTL_ENABLE_DEBUG_INFO = INCLUDE_SOURCE;
				MTL_FAST_MATH = YES;
				ONLY_ACTIVE_ARCH = YES;
				SDKROOT = iphoneos;
				SWIFT_ACTIVE_COMPILATION_CONDITIONS = DEBUG;
				SWIFT_OPTIMIZATION_LEVEL = "-Onone";
			};
			name = Debug;
		};
		F1D464B32198824300F493E0 /* Release */ = {
			isa = XCBuildConfiguration;
			buildSettings = {
				ALWAYS_SEARCH_USER_PATHS = NO;
				CLANG_ANALYZER_NONNULL = YES;
				CLANG_ANALYZER_NUMBER_OBJECT_CONVERSION = YES_AGGRESSIVE;
				CLANG_CXX_LANGUAGE_STANDARD = "gnu++14";
				CLANG_CXX_LIBRARY = "libc++";
				CLANG_ENABLE_MODULES = YES;
				CLANG_ENABLE_OBJC_ARC = YES;
				CLANG_ENABLE_OBJC_WEAK = YES;
				CLANG_WARN_BLOCK_CAPTURE_AUTORELEASING = YES;
				CLANG_WARN_BOOL_CONVERSION = YES;
				CLANG_WARN_COMMA = YES;
				CLANG_WARN_CONSTANT_CONVERSION = YES;
				CLANG_WARN_DEPRECATED_OBJC_IMPLEMENTATIONS = YES;
				CLANG_WARN_DIRECT_OBJC_ISA_USAGE = YES_ERROR;
				CLANG_WARN_DOCUMENTATION_COMMENTS = YES;
				CLANG_WARN_EMPTY_BODY = YES;
				CLANG_WARN_ENUM_CONVERSION = YES;
				CLANG_WARN_INFINITE_RECURSION = YES;
				CLANG_WARN_INT_CONVERSION = YES;
				CLANG_WARN_NON_LITERAL_NULL_CONVERSION = YES;
				CLANG_WARN_OBJC_IMPLICIT_RETAIN_SELF = YES;
				CLANG_WARN_OBJC_LITERAL_CONVERSION = YES;
				CLANG_WARN_OBJC_ROOT_CLASS = YES_ERROR;
				CLANG_WARN_RANGE_LOOP_ANALYSIS = YES;
				CLANG_WARN_STRICT_PROTOTYPES = YES;
				CLANG_WARN_SUSPICIOUS_MOVE = YES;
				CLANG_WARN_UNGUARDED_AVAILABILITY = YES_AGGRESSIVE;
				CLANG_WARN_UNREACHABLE_CODE = YES;
				CLANG_WARN__DUPLICATE_METHOD_MATCH = YES;
				CODE_SIGN_IDENTITY = "iPhone Developer";
				COPY_PHASE_STRIP = NO;
				DEBUG_INFORMATION_FORMAT = "dwarf-with-dsym";
				ENABLE_NS_ASSERTIONS = NO;
				ENABLE_STRICT_OBJC_MSGSEND = YES;
				GCC_C_LANGUAGE_STANDARD = gnu11;
				GCC_NO_COMMON_BLOCKS = YES;
				GCC_WARN_64_TO_32_BIT_CONVERSION = YES;
				GCC_WARN_ABOUT_RETURN_TYPE = YES_ERROR;
				GCC_WARN_UNDECLARED_SELECTOR = YES;
				GCC_WARN_UNINITIALIZED_AUTOS = YES_AGGRESSIVE;
				GCC_WARN_UNUSED_FUNCTION = YES;
				GCC_WARN_UNUSED_VARIABLE = YES;
				IPHONEOS_DEPLOYMENT_TARGET = 12.0;
				MTL_ENABLE_DEBUG_INFO = NO;
				MTL_FAST_MATH = YES;
				SDKROOT = iphoneos;
				SWIFT_COMPILATION_MODE = wholemodule;
				SWIFT_OPTIMIZATION_LEVEL = "-O";
				VALIDATE_PRODUCT = YES;
			};
			name = Release;
		};
		F1D464B52198824300F493E0 /* Debug */ = {
			isa = XCBuildConfiguration;
			baseConfigurationReference = 3F1B7A34396B528F859F30E6 /* Pods-Tetrachromacy.debug.xcconfig */;
			buildSettings = {
				ASSETCATALOG_COMPILER_APPICON_NAME = AppIcon;
				CLANG_ENABLE_MODULES = YES;
				CODE_SIGN_STYLE = Automatic;
				DEVELOPMENT_TEAM = C6J7BBYKDN;
				INFOPLIST_FILE = Tetrachromacy/Info.plist;
				LD_RUNPATH_SEARCH_PATHS = (
					"$(inherited)",
					"@executable_path/Frameworks",
				);
				PRODUCT_BUNDLE_IDENTIFIER = com.mhorvath.Tetrachromacy;
				PRODUCT_NAME = "$(TARGET_NAME)";
				SWIFT_OBJC_BRIDGING_HEADER = "Tetrachromacy/Supporting Files/Tetrachromacy-Bridging-Header.h";
				SWIFT_OPTIMIZATION_LEVEL = "-Onone";
				SWIFT_VERSION = 4.2;
				TARGETED_DEVICE_FAMILY = "1,2";
			};
			name = Debug;
		};
		F1D464B62198824300F493E0 /* Release */ = {
			isa = XCBuildConfiguration;
			baseConfigurationReference = FD714E2D942FBFFFBBEEAA69 /* Pods-Tetrachromacy.release.xcconfig */;
			buildSettings = {
				ASSETCATALOG_COMPILER_APPICON_NAME = AppIcon;
				CLANG_ENABLE_MODULES = YES;
				CODE_SIGN_STYLE = Automatic;
				DEVELOPMENT_TEAM = C6J7BBYKDN;
				INFOPLIST_FILE = Tetrachromacy/Info.plist;
				LD_RUNPATH_SEARCH_PATHS = (
					"$(inherited)",
					"@executable_path/Frameworks",
				);
				PRODUCT_BUNDLE_IDENTIFIER = com.mhorvath.Tetrachromacy;
				PRODUCT_NAME = "$(TARGET_NAME)";
				SWIFT_OBJC_BRIDGING_HEADER = "Tetrachromacy/Supporting Files/Tetrachromacy-Bridging-Header.h";
				SWIFT_VERSION = 4.2;
				TARGETED_DEVICE_FAMILY = "1,2";
			};
			name = Release;
		};
/* End XCBuildConfiguration section */

/* Begin XCConfigurationList section */
		F1D4649B2198824200F493E0 /* Build configuration list for PBXProject "Tetrachromacy" */ = {
			isa = XCConfigurationList;
			buildConfigurations = (
				F1D464B22198824300F493E0 /* Debug */,
				F1D464B32198824300F493E0 /* Release */,
			);
			defaultConfigurationIsVisible = 0;
			defaultConfigurationName = Release;
		};
		F1D464B42198824300F493E0 /* Build configuration list for PBXNativeTarget "Tetrachromacy" */ = {
			isa = XCConfigurationList;
			buildConfigurations = (
				F1D464B52198824300F493E0 /* Debug */,
				F1D464B62198824300F493E0 /* Release */,
			);
			defaultConfigurationIsVisible = 0;
			defaultConfigurationName = Release;
		};
/* End XCConfigurationList section */
	};
	rootObject = F1D464982198824200F493E0 /* Project object */;
}
